// !$*UTF8*$!
{
	archiveVersion = 1;
	classes = {
	};
	objectVersion = 46;
	objects = {

/* Begin PBXBuildFile section */
		26904D341C7757540094DA08 /* Mold.h in Headers */ = {isa = PBXBuildFile; fileRef = 26904D331C7757540094DA08 /* Mold.h */; settings = {ATTRIBUTES = (Public, ); }; };
		26904DFE1C77598B0094DA08 /* Keys.swift in Sources */ = {isa = PBXBuildFile; fileRef = 26904DB41C77598B0094DA08 /* Keys.swift */; };
		26904DFF1C77598B0094DA08 /* Double.swift in Sources */ = {isa = PBXBuildFile; fileRef = 26904DB61C77598B0094DA08 /* Double.swift */; };
		26904E001C77598B0094DA08 /* MKMapView.swift in Sources */ = {isa = PBXBuildFile; fileRef = 26904DB71C77598B0094DA08 /* MKMapView.swift */; };
		26904E011C77598B0094DA08 /* NSCharacterSet.swift in Sources */ = {isa = PBXBuildFile; fileRef = 26904DB81C77598B0094DA08 /* NSCharacterSet.swift */; };
		26904E021C77598B0094DA08 /* NSDate.swift in Sources */ = {isa = PBXBuildFile; fileRef = 26904DB91C77598B0094DA08 /* NSDate.swift */; };
		26904E031C77598B0094DA08 /* NSLayoutConstraint.swift in Sources */ = {isa = PBXBuildFile; fileRef = 26904DBA1C77598B0094DA08 /* NSLayoutConstraint.swift */; };
		26904E041C77598B0094DA08 /* NSNotification.swift in Sources */ = {isa = PBXBuildFile; fileRef = 26904DBB1C77598B0094DA08 /* NSNotification.swift */; };
		26904E051C77598B0094DA08 /* NSNotificationCenter.swift in Sources */ = {isa = PBXBuildFile; fileRef = 26904DBC1C77598B0094DA08 /* NSNotificationCenter.swift */; };
		26904E061C77598B0094DA08 /* String.swift in Sources */ = {isa = PBXBuildFile; fileRef = 26904DBD1C77598B0094DA08 /* String.swift */; };
		26904E071C77598B0094DA08 /* UIColor.swift in Sources */ = {isa = PBXBuildFile; fileRef = 26904DBE1C77598B0094DA08 /* UIColor.swift */; };
		26904E081C77598B0094DA08 /* UIView.swift in Sources */ = {isa = PBXBuildFile; fileRef = 26904DBF1C77598B0094DA08 /* UIView.swift */; };
		26904E091C77598B0094DA08 /* UIViewController.swift in Sources */ = {isa = PBXBuildFile; fileRef = 26904DC01C77598B0094DA08 /* UIViewController.swift */; };
		26904E0A1C77598B0094DA08 /* Functions.swift in Sources */ = {isa = PBXBuildFile; fileRef = 26904DC21C77598B0094DA08 /* Functions.swift */; };
		26904E0B1C77598B0094DA08 /* MDAlertDialog.swift in Sources */ = {isa = PBXBuildFile; fileRef = 26904DC51C77598B0094DA08 /* MDAlertDialog.swift */; };
		26904E0C1C77598B0094DA08 /* MDConfirmDialog.swift in Sources */ = {isa = PBXBuildFile; fileRef = 26904DC61C77598B0094DA08 /* MDConfirmDialog.swift */; };
		26904E0D1C77598B0094DA08 /* MDErrorDialog.swift in Sources */ = {isa = PBXBuildFile; fileRef = 26904DC71C77598B0094DA08 /* MDErrorDialog.swift */; };
		26904E0E1C77598B0094DA08 /* MDError.swift in Sources */ = {isa = PBXBuildFile; fileRef = 26904DC91C77598B0094DA08 /* MDError.swift */; };
		26904E101C77598B0094DA08 /* MDErrorType.swift in Sources */ = {isa = PBXBuildFile; fileRef = 26904DCB1C77598B0094DA08 /* MDErrorType.swift */; };
		26904E111C77598B0094DA08 /* MDDataModel.swift in Sources */ = {isa = PBXBuildFile; fileRef = 26904DCD1C77598B0094DA08 /* MDDataModel.swift */; };
		26904E121C77598B0094DA08 /* MDField.swift in Sources */ = {isa = PBXBuildFile; fileRef = 26904DCE1C77598B0094DA08 /* MDField.swift */; };
		26904E131C77598B0094DA08 /* MDFieldCell.swift in Sources */ = {isa = PBXBuildFile; fileRef = 26904DCF1C77598B0094DA08 /* MDFieldCell.swift */; };
		26904E141C77598B0094DA08 /* MDFieldCollection.swift in Sources */ = {isa = PBXBuildFile; fileRef = 26904DD01C77598B0094DA08 /* MDFieldCollection.swift */; };
		26904E151C77598B0094DA08 /* MDFieldPickerView.swift in Sources */ = {isa = PBXBuildFile; fileRef = 26904DD11C77598B0094DA08 /* MDFieldPickerView.swift */; };
		26904E161C77598B0094DA08 /* MDFieldSelectionCell.swift in Sources */ = {isa = PBXBuildFile; fileRef = 26904DD21C77598B0094DA08 /* MDFieldSelectionCell.swift */; };
		26904E171C77598B0094DA08 /* MDFieldTextField.swift in Sources */ = {isa = PBXBuildFile; fileRef = 26904DD31C77598B0094DA08 /* MDFieldTextField.swift */; };
		26904E181C77598B0094DA08 /* MQFieldTextFieldCell.swift in Sources */ = {isa = PBXBuildFile; fileRef = 26904DD41C77598B0094DA08 /* MQFieldTextFieldCell.swift */; };
		26904E191C77598B0094DA08 /* MDFieldTextFieldDelegate.swift in Sources */ = {isa = PBXBuildFile; fileRef = 26904DD51C77598B0094DA08 /* MDFieldTextFieldDelegate.swift */; };
		26904E1A1C77598B0094DA08 /* MQFieldTextView.swift in Sources */ = {isa = PBXBuildFile; fileRef = 26904DD61C77598B0094DA08 /* MQFieldTextView.swift */; };
		26904E1B1C77598B0094DA08 /* MQArchivableValueType.swift in Sources */ = {isa = PBXBuildFile; fileRef = 26904DD81C77598B0094DA08 /* MQArchivableValueType.swift */; };
		26904E1C1C77598B0094DA08 /* MQFileManager.swift in Sources */ = {isa = PBXBuildFile; fileRef = 26904DD91C77598B0094DA08 /* MQFileManager.swift */; };
		26904E211C77598B0094DA08 /* MQBlockOperation.swift in Sources */ = {isa = PBXBuildFile; fileRef = 26904DDF1C77598B0094DA08 /* MQBlockOperation.swift */; };
		26904E221C77598B0094DA08 /* MQChainedOperation.swift in Sources */ = {isa = PBXBuildFile; fileRef = 26904DE01C77598B0094DA08 /* MQChainedOperation.swift */; };
		26904E231C77598B0094DA08 /* MQOperation.swift in Sources */ = {isa = PBXBuildFile; fileRef = 26904DE11C77598B0094DA08 /* MQOperation.swift */; };
		26904E241C77598B0094DA08 /* MQURLOperation.swift in Sources */ = {isa = PBXBuildFile; fileRef = 26904DE21C77598B0094DA08 /* MQURLOperation.swift */; };
		26904E251C77598B0094DA08 /* MQDefaultNoResultsView.swift in Sources */ = {isa = PBXBuildFile; fileRef = 26904DE41C77598B0094DA08 /* MQDefaultNoResultsView.swift */; };
		26904E261C77598B0094DA08 /* MQDefaultRetryView.swift in Sources */ = {isa = PBXBuildFile; fileRef = 26904DE51C77598B0094DA08 /* MQDefaultRetryView.swift */; };
		26904E271C77598B0094DA08 /* MQDefaultStartingView.swift in Sources */ = {isa = PBXBuildFile; fileRef = 26904DE61C77598B0094DA08 /* MQDefaultStartingView.swift */; };
		26904E291C77598B0094DA08 /* MQLoadingView.swift in Sources */ = {isa = PBXBuildFile; fileRef = 26904DE81C77598B0094DA08 /* MQLoadingView.swift */; };
		26904E2A1C77598B0094DA08 /* MQNoResultsView.swift in Sources */ = {isa = PBXBuildFile; fileRef = 26904DE91C77598B0094DA08 /* MQNoResultsView.swift */; };
		26904E2B1C77598B0094DA08 /* MQRetryView.swift in Sources */ = {isa = PBXBuildFile; fileRef = 26904DEA1C77598B0094DA08 /* MQRetryView.swift */; };
		26904E2C1C77598B0094DA08 /* MQStartingView.swift in Sources */ = {isa = PBXBuildFile; fileRef = 26904DEB1C77598B0094DA08 /* MQStartingView.swift */; };
		26904E2D1C77598B0094DA08 /* MQStatefulViewController.swift in Sources */ = {isa = PBXBuildFile; fileRef = 26904DEC1C77598B0094DA08 /* MQStatefulViewController.swift */; };
		26904E2E1C77598B0094DA08 /* MQDispatcher.swift in Sources */ = {isa = PBXBuildFile; fileRef = 26904DEE1C77598B0094DA08 /* MQDispatcher.swift */; };
		26904E2F1C77598B0094DA08 /* MQAspectFitLabel.swift in Sources */ = {isa = PBXBuildFile; fileRef = 26904DF01C77598B0094DA08 /* MQAspectFitLabel.swift */; };
		26904E301C77598B0094DA08 /* MQButton.swift in Sources */ = {isa = PBXBuildFile; fileRef = 26904DF11C77598B0094DA08 /* MQButton.swift */; };
		26904E311C77598B0094DA08 /* MQImageButton.swift in Sources */ = {isa = PBXBuildFile; fileRef = 26904DF21C77598B0094DA08 /* MQImageButton.swift */; };
		26904E321C77598B0094DA08 /* MQLabelButton.swift in Sources */ = {isa = PBXBuildFile; fileRef = 26904DF31C77598B0094DA08 /* MQLabelButton.swift */; };
		26904E331C77598B0094DA08 /* MQLoadingOverlay.swift in Sources */ = {isa = PBXBuildFile; fileRef = 26904DF41C77598B0094DA08 /* MQLoadingOverlay.swift */; };
		26904E341C77598B0094DA08 /* MQTableViewCell.swift in Sources */ = {isa = PBXBuildFile; fileRef = 26904DF51C77598B0094DA08 /* MQTableViewCell.swift */; };
		26904E351C77598B0094DA08 /* MQNSNotificationObject.swift in Sources */ = {isa = PBXBuildFile; fileRef = 26904DF71C77598B0094DA08 /* MQNSNotificationObject.swift */; };
		26904E371C77598B0094DA08 /* MQFormViewController.swift in Sources */ = {isa = PBXBuildFile; fileRef = 26904DFB1C77598B0094DA08 /* MQFormViewController.swift */; };
		26904E381C77598B0094DA08 /* MQPopupPickerViewController.swift in Sources */ = {isa = PBXBuildFile; fileRef = 26904DFC1C77598B0094DA08 /* MQPopupPickerViewController.swift */; };
		26904E391C77598B0094DA08 /* MQStartupViewController.swift in Sources */ = {isa = PBXBuildFile; fileRef = 26904DFD1C77598B0094DA08 /* MQStartupViewController.swift */; };
/* End PBXBuildFile section */

/* Begin PBXFileReference section */
		26904D301C7757540094DA08 /* Mold.framework */ = {isa = PBXFileReference; explicitFileType = wrapper.framework; includeInIndex = 0; path = Mold.framework; sourceTree = BUILT_PRODUCTS_DIR; };
		26904D331C7757540094DA08 /* Mold.h */ = {isa = PBXFileReference; lastKnownFileType = sourcecode.c.h; path = Mold.h; sourceTree = "<group>"; };
		26904D351C7757540094DA08 /* Info.plist */ = {isa = PBXFileReference; lastKnownFileType = text.plist.xml; path = Info.plist; sourceTree = "<group>"; };
		26904DB41C77598B0094DA08 /* Keys.swift */ = {isa = PBXFileReference; fileEncoding = 4; lastKnownFileType = sourcecode.swift; path = Keys.swift; sourceTree = "<group>"; };
		26904DB61C77598B0094DA08 /* Double.swift */ = {isa = PBXFileReference; fileEncoding = 4; lastKnownFileType = sourcecode.swift; path = Double.swift; sourceTree = "<group>"; };
		26904DB71C77598B0094DA08 /* MKMapView.swift */ = {isa = PBXFileReference; fileEncoding = 4; lastKnownFileType = sourcecode.swift; path = MKMapView.swift; sourceTree = "<group>"; };
		26904DB81C77598B0094DA08 /* NSCharacterSet.swift */ = {isa = PBXFileReference; fileEncoding = 4; lastKnownFileType = sourcecode.swift; path = NSCharacterSet.swift; sourceTree = "<group>"; };
		26904DB91C77598B0094DA08 /* NSDate.swift */ = {isa = PBXFileReference; fileEncoding = 4; lastKnownFileType = sourcecode.swift; path = NSDate.swift; sourceTree = "<group>"; };
		26904DBA1C77598B0094DA08 /* NSLayoutConstraint.swift */ = {isa = PBXFileReference; fileEncoding = 4; lastKnownFileType = sourcecode.swift; path = NSLayoutConstraint.swift; sourceTree = "<group>"; };
		26904DBB1C77598B0094DA08 /* NSNotification.swift */ = {isa = PBXFileReference; fileEncoding = 4; lastKnownFileType = sourcecode.swift; path = NSNotification.swift; sourceTree = "<group>"; };
		26904DBC1C77598B0094DA08 /* NSNotificationCenter.swift */ = {isa = PBXFileReference; fileEncoding = 4; lastKnownFileType = sourcecode.swift; path = NSNotificationCenter.swift; sourceTree = "<group>"; };
		26904DBD1C77598B0094DA08 /* String.swift */ = {isa = PBXFileReference; fileEncoding = 4; lastKnownFileType = sourcecode.swift; path = String.swift; sourceTree = "<group>"; };
		26904DBE1C77598B0094DA08 /* UIColor.swift */ = {isa = PBXFileReference; fileEncoding = 4; lastKnownFileType = sourcecode.swift; path = UIColor.swift; sourceTree = "<group>"; };
		26904DBF1C77598B0094DA08 /* UIView.swift */ = {isa = PBXFileReference; fileEncoding = 4; lastKnownFileType = sourcecode.swift; path = UIView.swift; sourceTree = "<group>"; };
		26904DC01C77598B0094DA08 /* UIViewController.swift */ = {isa = PBXFileReference; fileEncoding = 4; lastKnownFileType = sourcecode.swift; path = UIViewController.swift; sourceTree = "<group>"; };
		26904DC21C77598B0094DA08 /* Functions.swift */ = {isa = PBXFileReference; fileEncoding = 4; lastKnownFileType = sourcecode.swift; path = Functions.swift; sourceTree = "<group>"; };
		26904DC51C77598B0094DA08 /* MDAlertDialog.swift */ = {isa = PBXFileReference; fileEncoding = 4; lastKnownFileType = sourcecode.swift; path = MDAlertDialog.swift; sourceTree = "<group>"; };
		26904DC61C77598B0094DA08 /* MDConfirmDialog.swift */ = {isa = PBXFileReference; fileEncoding = 4; lastKnownFileType = sourcecode.swift; path = MDConfirmDialog.swift; sourceTree = "<group>"; };
		26904DC71C77598B0094DA08 /* MDErrorDialog.swift */ = {isa = PBXFileReference; fileEncoding = 4; lastKnownFileType = sourcecode.swift; path = MDErrorDialog.swift; sourceTree = "<group>"; };
		26904DC91C77598B0094DA08 /* MDError.swift */ = {isa = PBXFileReference; fileEncoding = 4; lastKnownFileType = sourcecode.swift; path = MDError.swift; sourceTree = "<group>"; };
		26904DCB1C77598B0094DA08 /* MDErrorType.swift */ = {isa = PBXFileReference; fileEncoding = 4; lastKnownFileType = sourcecode.swift; path = MDErrorType.swift; sourceTree = "<group>"; };
		26904DCD1C77598B0094DA08 /* MDDataModel.swift */ = {isa = PBXFileReference; fileEncoding = 4; lastKnownFileType = sourcecode.swift; path = MDDataModel.swift; sourceTree = "<group>"; };
		26904DCE1C77598B0094DA08 /* MDField.swift */ = {isa = PBXFileReference; fileEncoding = 4; lastKnownFileType = sourcecode.swift; path = MDField.swift; sourceTree = "<group>"; };
		26904DCF1C77598B0094DA08 /* MDFieldCell.swift */ = {isa = PBXFileReference; fileEncoding = 4; lastKnownFileType = sourcecode.swift; path = MDFieldCell.swift; sourceTree = "<group>"; };
		26904DD01C77598B0094DA08 /* MDFieldCollection.swift */ = {isa = PBXFileReference; fileEncoding = 4; lastKnownFileType = sourcecode.swift; path = MDFieldCollection.swift; sourceTree = "<group>"; };
		26904DD11C77598B0094DA08 /* MDFieldPickerView.swift */ = {isa = PBXFileReference; fileEncoding = 4; lastKnownFileType = sourcecode.swift; path = MDFieldPickerView.swift; sourceTree = "<group>"; };
		26904DD21C77598B0094DA08 /* MDFieldSelectionCell.swift */ = {isa = PBXFileReference; fileEncoding = 4; lastKnownFileType = sourcecode.swift; path = MDFieldSelectionCell.swift; sourceTree = "<group>"; };
		26904DD31C77598B0094DA08 /* MDFieldTextField.swift */ = {isa = PBXFileReference; fileEncoding = 4; lastKnownFileType = sourcecode.swift; path = MDFieldTextField.swift; sourceTree = "<group>"; };
		26904DD41C77598B0094DA08 /* MQFieldTextFieldCell.swift */ = {isa = PBXFileReference; fileEncoding = 4; lastKnownFileType = sourcecode.swift; path = MQFieldTextFieldCell.swift; sourceTree = "<group>"; };
		26904DD51C77598B0094DA08 /* MDFieldTextFieldDelegate.swift */ = {isa = PBXFileReference; fileEncoding = 4; lastKnownFileType = sourcecode.swift; path = MDFieldTextFieldDelegate.swift; sourceTree = "<group>"; };
		26904DD61C77598B0094DA08 /* MQFieldTextView.swift */ = {isa = PBXFileReference; fileEncoding = 4; lastKnownFileType = sourcecode.swift; path = MQFieldTextView.swift; sourceTree = "<group>"; };
		26904DD81C77598B0094DA08 /* MQArchivableValueType.swift */ = {isa = PBXFileReference; fileEncoding = 4; lastKnownFileType = sourcecode.swift; path = MQArchivableValueType.swift; sourceTree = "<group>"; };
		26904DD91C77598B0094DA08 /* MQFileManager.swift */ = {isa = PBXFileReference; fileEncoding = 4; lastKnownFileType = sourcecode.swift; path = MQFileManager.swift; sourceTree = "<group>"; };
		26904DDF1C77598B0094DA08 /* MQBlockOperation.swift */ = {isa = PBXFileReference; fileEncoding = 4; lastKnownFileType = sourcecode.swift; path = MQBlockOperation.swift; sourceTree = "<group>"; };
		26904DE01C77598B0094DA08 /* MQChainedOperation.swift */ = {isa = PBXFileReference; fileEncoding = 4; lastKnownFileType = sourcecode.swift; path = MQChainedOperation.swift; sourceTree = "<group>"; };
		26904DE11C77598B0094DA08 /* MQOperation.swift */ = {isa = PBXFileReference; fileEncoding = 4; lastKnownFileType = sourcecode.swift; path = MQOperation.swift; sourceTree = "<group>"; };
		26904DE21C77598B0094DA08 /* MQURLOperation.swift */ = {isa = PBXFileReference; fileEncoding = 4; lastKnownFileType = sourcecode.swift; path = MQURLOperation.swift; sourceTree = "<group>"; };
		26904DE41C77598B0094DA08 /* MQDefaultNoResultsView.swift */ = {isa = PBXFileReference; fileEncoding = 4; lastKnownFileType = sourcecode.swift; path = MQDefaultNoResultsView.swift; sourceTree = "<group>"; };
		26904DE51C77598B0094DA08 /* MQDefaultRetryView.swift */ = {isa = PBXFileReference; fileEncoding = 4; lastKnownFileType = sourcecode.swift; path = MQDefaultRetryView.swift; sourceTree = "<group>"; };
		26904DE61C77598B0094DA08 /* MQDefaultStartingView.swift */ = {isa = PBXFileReference; fileEncoding = 4; lastKnownFileType = sourcecode.swift; path = MQDefaultStartingView.swift; sourceTree = "<group>"; };
		26904DE81C77598B0094DA08 /* MQLoadingView.swift */ = {isa = PBXFileReference; fileEncoding = 4; lastKnownFileType = sourcecode.swift; path = MQLoadingView.swift; sourceTree = "<group>"; };
		26904DE91C77598B0094DA08 /* MQNoResultsView.swift */ = {isa = PBXFileReference; fileEncoding = 4; lastKnownFileType = sourcecode.swift; path = MQNoResultsView.swift; sourceTree = "<group>"; };
		26904DEA1C77598B0094DA08 /* MQRetryView.swift */ = {isa = PBXFileReference; fileEncoding = 4; lastKnownFileType = sourcecode.swift; path = MQRetryView.swift; sourceTree = "<group>"; };
		26904DEB1C77598B0094DA08 /* MQStartingView.swift */ = {isa = PBXFileReference; fileEncoding = 4; lastKnownFileType = sourcecode.swift; path = MQStartingView.swift; sourceTree = "<group>"; };
		26904DEC1C77598B0094DA08 /* MQStatefulViewController.swift */ = {isa = PBXFileReference; fileEncoding = 4; lastKnownFileType = sourcecode.swift; path = MQStatefulViewController.swift; sourceTree = "<group>"; };
		26904DEE1C77598B0094DA08 /* MQDispatcher.swift */ = {isa = PBXFileReference; fileEncoding = 4; lastKnownFileType = sourcecode.swift; path = MQDispatcher.swift; sourceTree = "<group>"; };
		26904DF01C77598B0094DA08 /* MQAspectFitLabel.swift */ = {isa = PBXFileReference; fileEncoding = 4; lastKnownFileType = sourcecode.swift; path = MQAspectFitLabel.swift; sourceTree = "<group>"; };
		26904DF11C77598B0094DA08 /* MQButton.swift */ = {isa = PBXFileReference; fileEncoding = 4; lastKnownFileType = sourcecode.swift; path = MQButton.swift; sourceTree = "<group>"; };
		26904DF21C77598B0094DA08 /* MQImageButton.swift */ = {isa = PBXFileReference; fileEncoding = 4; lastKnownFileType = sourcecode.swift; path = MQImageButton.swift; sourceTree = "<group>"; };
		26904DF31C77598B0094DA08 /* MQLabelButton.swift */ = {isa = PBXFileReference; fileEncoding = 4; lastKnownFileType = sourcecode.swift; path = MQLabelButton.swift; sourceTree = "<group>"; };
		26904DF41C77598B0094DA08 /* MQLoadingOverlay.swift */ = {isa = PBXFileReference; fileEncoding = 4; lastKnownFileType = sourcecode.swift; path = MQLoadingOverlay.swift; sourceTree = "<group>"; };
		26904DF51C77598B0094DA08 /* MQTableViewCell.swift */ = {isa = PBXFileReference; fileEncoding = 4; lastKnownFileType = sourcecode.swift; path = MQTableViewCell.swift; sourceTree = "<group>"; };
		26904DF71C77598B0094DA08 /* MQNSNotificationObject.swift */ = {isa = PBXFileReference; fileEncoding = 4; lastKnownFileType = sourcecode.swift; path = MQNSNotificationObject.swift; sourceTree = "<group>"; };
		26904DFB1C77598B0094DA08 /* MQFormViewController.swift */ = {isa = PBXFileReference; fileEncoding = 4; lastKnownFileType = sourcecode.swift; path = MQFormViewController.swift; sourceTree = "<group>"; };
		26904DFC1C77598B0094DA08 /* MQPopupPickerViewController.swift */ = {isa = PBXFileReference; fileEncoding = 4; lastKnownFileType = sourcecode.swift; path = MQPopupPickerViewController.swift; sourceTree = "<group>"; };
		26904DFD1C77598B0094DA08 /* MQStartupViewController.swift */ = {isa = PBXFileReference; fileEncoding = 4; lastKnownFileType = sourcecode.swift; path = MQStartupViewController.swift; sourceTree = "<group>"; };
/* End PBXFileReference section */

/* Begin PBXFrameworksBuildPhase section */
		26904D2C1C7757540094DA08 /* Frameworks */ = {
			isa = PBXFrameworksBuildPhase;
			buildActionMask = 2147483647;
			files = (
			);
			runOnlyForDeploymentPostprocessing = 0;
		};
/* End PBXFrameworksBuildPhase section */

/* Begin PBXGroup section */
		26904D261C7757540094DA08 = {
			isa = PBXGroup;
			children = (
				26904D321C7757540094DA08 /* Mold */,
				26904D311C7757540094DA08 /* Products */,
			);
			sourceTree = "<group>";
		};
		26904D311C7757540094DA08 /* Products */ = {
			isa = PBXGroup;
			children = (
				26904D301C7757540094DA08 /* Mold.framework */,
			);
			name = Products;
			sourceTree = "<group>";
		};
		26904D321C7757540094DA08 /* Mold */ = {
			isa = PBXGroup;
			children = (
				26904D331C7757540094DA08 /* Mold.h */,
				26904D351C7757540094DA08 /* Info.plist */,
				26904DB31C77598B0094DA08 /* Constants */,
				26904DB51C77598B0094DA08 /* Extensions */,
				26904DC11C77598B0094DA08 /* Functions */,
				26904DC31C77598B0094DA08 /* Modules */,
				26904DF61C77598B0094DA08 /* Objects */,
				26904DFA1C77598B0094DA08 /* Screens */,
			);
			path = Mold;
			sourceTree = "<group>";
		};
		26904DB31C77598B0094DA08 /* Constants */ = {
			isa = PBXGroup;
			children = (
				26904DB41C77598B0094DA08 /* Keys.swift */,
			);
			path = Constants;
			sourceTree = "<group>";
		};
		26904DB51C77598B0094DA08 /* Extensions */ = {
			isa = PBXGroup;
			children = (
				26904DB61C77598B0094DA08 /* Double.swift */,
				26904DB71C77598B0094DA08 /* MKMapView.swift */,
				26904DB81C77598B0094DA08 /* NSCharacterSet.swift */,
				26904DB91C77598B0094DA08 /* NSDate.swift */,
				26904DBA1C77598B0094DA08 /* NSLayoutConstraint.swift */,
				26904DBB1C77598B0094DA08 /* NSNotification.swift */,
				26904DBC1C77598B0094DA08 /* NSNotificationCenter.swift */,
				26904DBD1C77598B0094DA08 /* String.swift */,
				26904DBE1C77598B0094DA08 /* UIColor.swift */,
				26904DBF1C77598B0094DA08 /* UIView.swift */,
				26904DC01C77598B0094DA08 /* UIViewController.swift */,
			);
			path = Extensions;
			sourceTree = "<group>";
		};
		26904DC11C77598B0094DA08 /* Functions */ = {
			isa = PBXGroup;
			children = (
				26904DC21C77598B0094DA08 /* Functions.swift */,
			);
			path = Functions;
			sourceTree = "<group>";
		};
		26904DC31C77598B0094DA08 /* Modules */ = {
			isa = PBXGroup;
			children = (
				26904DC41C77598B0094DA08 /* Dialogs */,
				26904DC81C77598B0094DA08 /* Error Handling */,
				26904DCC1C77598B0094DA08 /* Forms */,
				26904DD71C77598B0094DA08 /* Local Store */,
				26904DDA1C77598B0094DA08 /* Operations */,
				26904DE31C77598B0094DA08 /* Stateful Screens */,
				26904DED1C77598B0094DA08 /* Threads */,
				26904DEF1C77598B0094DA08 /* Views */,
			);
			path = Modules;
			sourceTree = "<group>";
		};
		26904DC41C77598B0094DA08 /* Dialogs */ = {
			isa = PBXGroup;
			children = (
				26904DC51C77598B0094DA08 /* MDAlertDialog.swift */,
				26904DC61C77598B0094DA08 /* MDConfirmDialog.swift */,
				26904DC71C77598B0094DA08 /* MDErrorDialog.swift */,
			);
			path = Dialogs;
			sourceTree = "<group>";
		};
		26904DC81C77598B0094DA08 /* Error Handling */ = {
			isa = PBXGroup;
			children = (
				26904DC91C77598B0094DA08 /* MDError.swift */,
				26904DCB1C77598B0094DA08 /* MDErrorType.swift */,
			);
			path = "Error Handling";
			sourceTree = "<group>";
		};
		26904DCC1C77598B0094DA08 /* Forms */ = {
			isa = PBXGroup;
			children = (
				26904DCD1C77598B0094DA08 /* MDDataModel.swift */,
				26904DCE1C77598B0094DA08 /* MDField.swift */,
				26904DCF1C77598B0094DA08 /* MDFieldCell.swift */,
				26904DD01C77598B0094DA08 /* MDFieldCollection.swift */,
				26904DD11C77598B0094DA08 /* MDFieldPickerView.swift */,
				26904DD21C77598B0094DA08 /* MDFieldSelectionCell.swift */,
				26904DD31C77598B0094DA08 /* MDFieldTextField.swift */,
				26904DD41C77598B0094DA08 /* MQFieldTextFieldCell.swift */,
				26904DD51C77598B0094DA08 /* MDFieldTextFieldDelegate.swift */,
				26904DD61C77598B0094DA08 /* MQFieldTextView.swift */,
			);
			path = Forms;
			sourceTree = "<group>";
		};
		26904DD71C77598B0094DA08 /* Local Store */ = {
			isa = PBXGroup;
			children = (
				26904DD81C77598B0094DA08 /* MQArchivableValueType.swift */,
				26904DD91C77598B0094DA08 /* MQFileManager.swift */,
			);
			path = "Local Store";
			sourceTree = "<group>";
		};
		26904DDA1C77598B0094DA08 /* Operations */ = {
			isa = PBXGroup;
			children = (
				26904DDF1C77598B0094DA08 /* MQBlockOperation.swift */,
				26904DE01C77598B0094DA08 /* MQChainedOperation.swift */,
				26904DE11C77598B0094DA08 /* MQOperation.swift */,
				26904DE21C77598B0094DA08 /* MQURLOperation.swift */,
			);
			path = Operations;
			sourceTree = "<group>";
		};
		26904DE31C77598B0094DA08 /* Stateful Screens */ = {
			isa = PBXGroup;
			children = (
				26904DE41C77598B0094DA08 /* MQDefaultNoResultsView.swift */,
				26904DE51C77598B0094DA08 /* MQDefaultRetryView.swift */,
				26904DE61C77598B0094DA08 /* MQDefaultStartingView.swift */,
				26904DE81C77598B0094DA08 /* MQLoadingView.swift */,
				26904DE91C77598B0094DA08 /* MQNoResultsView.swift */,
				26904DEA1C77598B0094DA08 /* MQRetryView.swift */,
				26904DEB1C77598B0094DA08 /* MQStartingView.swift */,
				26904DEC1C77598B0094DA08 /* MQStatefulViewController.swift */,
			);
			path = "Stateful Screens";
			sourceTree = "<group>";
		};
		26904DED1C77598B0094DA08 /* Threads */ = {
			isa = PBXGroup;
			children = (
				26904DEE1C77598B0094DA08 /* MQDispatcher.swift */,
			);
			path = Threads;
			sourceTree = "<group>";
		};
		26904DEF1C77598B0094DA08 /* Views */ = {
			isa = PBXGroup;
			children = (
				26904DF01C77598B0094DA08 /* MQAspectFitLabel.swift */,
				26904DF11C77598B0094DA08 /* MQButton.swift */,
				26904DF21C77598B0094DA08 /* MQImageButton.swift */,
				26904DF31C77598B0094DA08 /* MQLabelButton.swift */,
				26904DF41C77598B0094DA08 /* MQLoadingOverlay.swift */,
				26904DF51C77598B0094DA08 /* MQTableViewCell.swift */,
			);
			path = Views;
			sourceTree = "<group>";
		};
		26904DF61C77598B0094DA08 /* Objects */ = {
			isa = PBXGroup;
			children = (
				26904DF71C77598B0094DA08 /* MQNSNotificationObject.swift */,
			);
			path = Objects;
			sourceTree = "<group>";
		};
		26904DFA1C77598B0094DA08 /* Screens */ = {
			isa = PBXGroup;
			children = (
				26904DFB1C77598B0094DA08 /* MQFormViewController.swift */,
				26904DFC1C77598B0094DA08 /* MQPopupPickerViewController.swift */,
				26904DFD1C77598B0094DA08 /* MQStartupViewController.swift */,
			);
			path = Screens;
			sourceTree = "<group>";
		};
/* End PBXGroup section */

/* Begin PBXHeadersBuildPhase section */
		26904D2D1C7757540094DA08 /* Headers */ = {
			isa = PBXHeadersBuildPhase;
			buildActionMask = 2147483647;
			files = (
				26904D341C7757540094DA08 /* Mold.h in Headers */,
			);
			runOnlyForDeploymentPostprocessing = 0;
		};
/* End PBXHeadersBuildPhase section */

/* Begin PBXNativeTarget section */
		26904D2F1C7757540094DA08 /* Mold */ = {
			isa = PBXNativeTarget;
			buildConfigurationList = 26904D381C7757540094DA08 /* Build configuration list for PBXNativeTarget "Mold" */;
			buildPhases = (
				26904D2B1C7757540094DA08 /* Sources */,
				26904D2C1C7757540094DA08 /* Frameworks */,
				26904D2D1C7757540094DA08 /* Headers */,
				26904D2E1C7757540094DA08 /* Resources */,
			);
			buildRules = (
			);
			dependencies = (
			);
			name = Mold;
			productName = Mold;
			productReference = 26904D301C7757540094DA08 /* Mold.framework */;
			productType = "com.apple.product-type.framework";
		};
/* End PBXNativeTarget section */

/* Begin PBXProject section */
		26904D271C7757540094DA08 /* Project object */ = {
			isa = PBXProject;
			attributes = {
				LastUpgradeCheck = 0720;
				ORGANIZATIONNAME = "Matt Quiros";
				TargetAttributes = {
					26904D2F1C7757540094DA08 = {
						CreatedOnToolsVersion = 7.2.1;
					};
				};
			};
			buildConfigurationList = 26904D2A1C7757540094DA08 /* Build configuration list for PBXProject "Mold" */;
			compatibilityVersion = "Xcode 3.2";
			developmentRegion = English;
			hasScannedForEncodings = 0;
			knownRegions = (
				en,
			);
			mainGroup = 26904D261C7757540094DA08;
			productRefGroup = 26904D311C7757540094DA08 /* Products */;
			projectDirPath = "";
			projectRoot = "";
			targets = (
				26904D2F1C7757540094DA08 /* Mold */,
			);
		};
/* End PBXProject section */

/* Begin PBXResourcesBuildPhase section */
		26904D2E1C7757540094DA08 /* Resources */ = {
			isa = PBXResourcesBuildPhase;
			buildActionMask = 2147483647;
			files = (
			);
			runOnlyForDeploymentPostprocessing = 0;
		};
/* End PBXResourcesBuildPhase section */

/* Begin PBXSourcesBuildPhase section */
		26904D2B1C7757540094DA08 /* Sources */ = {
			isa = PBXSourcesBuildPhase;
			buildActionMask = 2147483647;
			files = (
				26904E221C77598B0094DA08 /* MQChainedOperation.swift in Sources */,
				26904E331C77598B0094DA08 /* MQLoadingOverlay.swift in Sources */,
				26904E0B1C77598B0094DA08 /* MDAlertDialog.swift in Sources */,
				26904E001C77598B0094DA08 /* MKMapView.swift in Sources */,
				26904E311C77598B0094DA08 /* MQImageButton.swift in Sources */,
				26904E031C77598B0094DA08 /* NSLayoutConstraint.swift in Sources */,
				26904E091C77598B0094DA08 /* UIViewController.swift in Sources */,
				26904E291C77598B0094DA08 /* MQLoadingView.swift in Sources */,
				26904E131C77598B0094DA08 /* MDFieldCell.swift in Sources */,
				26904E121C77598B0094DA08 /* MDField.swift in Sources */,
				26904E231C77598B0094DA08 /* MQOperation.swift in Sources */,
				26904E0C1C77598B0094DA08 /* MDConfirmDialog.swift in Sources */,
				26904E0E1C77598B0094DA08 /* MDError.swift in Sources */,
				26904E271C77598B0094DA08 /* MQDefaultStartingView.swift in Sources */,
				26904E2E1C77598B0094DA08 /* MQDispatcher.swift in Sources */,
				26904E081C77598B0094DA08 /* UIView.swift in Sources */,
				26904E241C77598B0094DA08 /* MQURLOperation.swift in Sources */,
				26904E2C1C77598B0094DA08 /* MQStartingView.swift in Sources */,
				26904E381C77598B0094DA08 /* MQPopupPickerViewController.swift in Sources */,
				26904E371C77598B0094DA08 /* MQFormViewController.swift in Sources */,
				26904E391C77598B0094DA08 /* MQStartupViewController.swift in Sources */,
				26904E251C77598B0094DA08 /* MQDefaultNoResultsView.swift in Sources */,
				26904E161C77598B0094DA08 /* MDFieldSelectionCell.swift in Sources */,
				26904E171C77598B0094DA08 /* MDFieldTextField.swift in Sources */,
				26904E0D1C77598B0094DA08 /* MDErrorDialog.swift in Sources */,
				26904E011C77598B0094DA08 /* NSCharacterSet.swift in Sources */,
				26904E261C77598B0094DA08 /* MQDefaultRetryView.swift in Sources */,
				26904E141C77598B0094DA08 /* MDFieldCollection.swift in Sources */,
				26904E111C77598B0094DA08 /* MDDataModel.swift in Sources */,
				26904E191C77598B0094DA08 /* MDFieldTextFieldDelegate.swift in Sources */,
				26904E151C77598B0094DA08 /* MDFieldPickerView.swift in Sources */,
				26904E2A1C77598B0094DA08 /* MQNoResultsView.swift in Sources */,
				26904E0A1C77598B0094DA08 /* Functions.swift in Sources */,
				26904E181C77598B0094DA08 /* MQFieldTextFieldCell.swift in Sources */,
				26904E2D1C77598B0094DA08 /* MQStatefulViewController.swift in Sources */,
				26904E321C77598B0094DA08 /* MQLabelButton.swift in Sources */,
				26904E061C77598B0094DA08 /* String.swift in Sources */,
				26904E101C77598B0094DA08 /* MDErrorType.swift in Sources */,
				26904E211C77598B0094DA08 /* MQBlockOperation.swift in Sources */,
				26904E1C1C77598B0094DA08 /* MQFileManager.swift in Sources */,
				26904DFF1C77598B0094DA08 /* Double.swift in Sources */,
				26904E041C77598B0094DA08 /* NSNotification.swift in Sources */,
				26904E301C77598B0094DA08 /* MQButton.swift in Sources */,
				26904DFE1C77598B0094DA08 /* Keys.swift in Sources */,
				26904E351C77598B0094DA08 /* MQNSNotificationObject.swift in Sources */,
				26904E341C77598B0094DA08 /* MQTableViewCell.swift in Sources */,
				26904E1B1C77598B0094DA08 /* MQArchivableValueType.swift in Sources */,
				26904E1A1C77598B0094DA08 /* MQFieldTextView.swift in Sources */,
				26904E2F1C77598B0094DA08 /* MQAspectFitLabel.swift in Sources */,
				26904E051C77598B0094DA08 /* NSNotificationCenter.swift in Sources */,
				26904E2B1C77598B0094DA08 /* MQRetryView.swift in Sources */,
				26904E021C77598B0094DA08 /* NSDate.swift in Sources */,
				26904E071C77598B0094DA08 /* UIColor.swift in Sources */,
			);
			runOnlyForDeploymentPostprocessing = 0;
		};
/* End PBXSourcesBuildPhase section */

/* Begin XCBuildConfiguration section */
		26904D361C7757540094DA08 /* Debug */ = {
			isa = XCBuildConfiguration;
			buildSettings = {
				ALWAYS_SEARCH_USER_PATHS = NO;
				CLANG_CXX_LANGUAGE_STANDARD = "gnu++0x";
				CLANG_CXX_LIBRARY = "libc++";
				CLANG_ENABLE_MODULES = YES;
				CLANG_ENABLE_OBJC_ARC = YES;
				CLANG_WARN_BOOL_CONVERSION = YES;
				CLANG_WARN_CONSTANT_CONVERSION = YES;
				CLANG_WARN_DIRECT_OBJC_ISA_USAGE = YES_ERROR;
				CLANG_WARN_EMPTY_BODY = YES;
				CLANG_WARN_ENUM_CONVERSION = YES;
				CLANG_WARN_INT_CONVERSION = YES;
				CLANG_WARN_OBJC_ROOT_CLASS = YES_ERROR;
				CLANG_WARN_UNREACHABLE_CODE = YES;
				CLANG_WARN__DUPLICATE_METHOD_MATCH = YES;
				"CODE_SIGN_IDENTITY[sdk=iphoneos*]" = "iPhone Developer";
				COPY_PHASE_STRIP = NO;
				CURRENT_PROJECT_VERSION = 1;
				DEBUG_INFORMATION_FORMAT = dwarf;
				ENABLE_STRICT_OBJC_MSGSEND = YES;
				ENABLE_TESTABILITY = YES;
				GCC_C_LANGUAGE_STANDARD = gnu99;
				GCC_DYNAMIC_NO_PIC = NO;
				GCC_NO_COMMON_BLOCKS = YES;
				GCC_OPTIMIZATION_LEVEL = 0;
				GCC_PREPROCESSOR_DEFINITIONS = (
					"DEBUG=1",
					"$(inherited)",
				);
				GCC_WARN_64_TO_32_BIT_CONVERSION = YES;
				GCC_WARN_ABOUT_RETURN_TYPE = YES_ERROR;
				GCC_WARN_UNDECLARED_SELECTOR = YES;
				GCC_WARN_UNINITIALIZED_AUTOS = YES_AGGRESSIVE;
				GCC_WARN_UNUSED_FUNCTION = YES;
				GCC_WARN_UNUSED_VARIABLE = YES;
				IPHONEOS_DEPLOYMENT_TARGET = 8.0;
				MTL_ENABLE_DEBUG_INFO = YES;
				ONLY_ACTIVE_ARCH = YES;
				SDKROOT = iphoneos;
				SWIFT_OPTIMIZATION_LEVEL = "-Onone";
				TARGETED_DEVICE_FAMILY = "1,2";
				VERSIONING_SYSTEM = "apple-generic";
				VERSION_INFO_PREFIX = "";
			};
			name = Debug;
		};
		26904D371C7757540094DA08 /* Release */ = {
			isa = XCBuildConfiguration;
			buildSettings = {
				ALWAYS_SEARCH_USER_PATHS = NO;
				CLANG_CXX_LANGUAGE_STANDARD = "gnu++0x";
				CLANG_CXX_LIBRARY = "libc++";
				CLANG_ENABLE_MODULES = YES;
				CLANG_ENABLE_OBJC_ARC = YES;
				CLANG_WARN_BOOL_CONVERSION = YES;
				CLANG_WARN_CONSTANT_CONVERSION = YES;
				CLANG_WARN_DIRECT_OBJC_ISA_USAGE = YES_ERROR;
				CLANG_WARN_EMPTY_BODY = YES;
				CLANG_WARN_ENUM_CONVERSION = YES;
				CLANG_WARN_INT_CONVERSION = YES;
				CLANG_WARN_OBJC_ROOT_CLASS = YES_ERROR;
				CLANG_WARN_UNREACHABLE_CODE = YES;
				CLANG_WARN__DUPLICATE_METHOD_MATCH = YES;
				"CODE_SIGN_IDENTITY[sdk=iphoneos*]" = "iPhone Developer";
				COPY_PHASE_STRIP = NO;
				CURRENT_PROJECT_VERSION = 1;
				DEBUG_INFORMATION_FORMAT = "dwarf-with-dsym";
				ENABLE_NS_ASSERTIONS = NO;
				ENABLE_STRICT_OBJC_MSGSEND = YES;
				GCC_C_LANGUAGE_STANDARD = gnu99;
				GCC_NO_COMMON_BLOCKS = YES;
				GCC_WARN_64_TO_32_BIT_CONVERSION = YES;
				GCC_WARN_ABOUT_RETURN_TYPE = YES_ERROR;
				GCC_WARN_UNDECLARED_SELECTOR = YES;
				GCC_WARN_UNINITIALIZED_AUTOS = YES_AGGRESSIVE;
				GCC_WARN_UNUSED_FUNCTION = YES;
				GCC_WARN_UNUSED_VARIABLE = YES;
				IPHONEOS_DEPLOYMENT_TARGET = 8.0;
				MTL_ENABLE_DEBUG_INFO = NO;
				SDKROOT = iphoneos;
				TARGETED_DEVICE_FAMILY = "1,2";
				VALIDATE_PRODUCT = YES;
				VERSIONING_SYSTEM = "apple-generic";
				VERSION_INFO_PREFIX = "";
			};
			name = Release;
		};
		26904D391C7757540094DA08 /* Debug */ = {
			isa = XCBuildConfiguration;
			buildSettings = {
				DEFINES_MODULE = YES;
				DYLIB_COMPATIBILITY_VERSION = 1;
				DYLIB_CURRENT_VERSION = 1;
				DYLIB_INSTALL_NAME_BASE = "@rpath";
				INFOPLIST_FILE = Mold/Info.plist;
				INSTALL_PATH = "$(LOCAL_LIBRARY_DIR)/Frameworks";
				IPHONEOS_DEPLOYMENT_TARGET = 8.0;
				LD_RUNPATH_SEARCH_PATHS = "$(inherited) @executable_path/Frameworks @loader_path/Frameworks";
				PRODUCT_BUNDLE_IDENTIFIER = com.mattquiros.Mold;
				PRODUCT_NAME = "$(TARGET_NAME)";
				SKIP_INSTALL = YES;
			};
			name = Debug;
		};
		26904D3A1C7757540094DA08 /* Release */ = {
			isa = XCBuildConfiguration;
			buildSettings = {
				DEFINES_MODULE = YES;
				DYLIB_COMPATIBILITY_VERSION = 1;
				DYLIB_CURRENT_VERSION = 1;
				DYLIB_INSTALL_NAME_BASE = "@rpath";
				INFOPLIST_FILE = Mold/Info.plist;
				INSTALL_PATH = "$(LOCAL_LIBRARY_DIR)/Frameworks";
				IPHONEOS_DEPLOYMENT_TARGET = 8.0;
				LD_RUNPATH_SEARCH_PATHS = "$(inherited) @executable_path/Frameworks @loader_path/Frameworks";
				PRODUCT_BUNDLE_IDENTIFIER = com.mattquiros.Mold;
				PRODUCT_NAME = "$(TARGET_NAME)";
				SKIP_INSTALL = YES;
			};
			name = Release;
		};
/* End XCBuildConfiguration section */

/* Begin XCConfigurationList section */
		26904D2A1C7757540094DA08 /* Build configuration list for PBXProject "Mold" */ = {
			isa = XCConfigurationList;
			buildConfigurations = (
				26904D361C7757540094DA08 /* Debug */,
				26904D371C7757540094DA08 /* Release */,
			);
			defaultConfigurationIsVisible = 0;
			defaultConfigurationName = Release;
		};
		26904D381C7757540094DA08 /* Build configuration list for PBXNativeTarget "Mold" */ = {
			isa = XCConfigurationList;
			buildConfigurations = (
				26904D391C7757540094DA08 /* Debug */,
				26904D3A1C7757540094DA08 /* Release */,
			);
			defaultConfigurationIsVisible = 0;
			defaultConfigurationName = Release;
		};
/* End XCConfigurationList section */
	};
	rootObject = 26904D271C7757540094DA08 /* Project object */;
}
